
Microsoft Visual Studio Solution File, Format Version 12.00
# Visual Studio Version 17
VisualStudioVersion = 17.3.32929.385
MinimumVisualStudioVersion = 10.0.40219.1
Project("{9A19103F-16F7-4668-BE54-9A1E7A4F7556}") = "CSVfile.Project", "CSVfile.Project\CSVfile.Project.csproj", "{C06FECB3-BAC7-42FC-A4C6-3D2A2B7BD2F5}"
EndProject
Project("{9A19103F-16F7-4668-BE54-9A1E7A4F7556}") = "DataAccessLayer", "DataAccessLayer\DataAccessLayer.csproj", "{ECEC075F-6E1A-4E89-83F2-5A5FDA4FBA08}"
EndProject
Project("{9A19103F-16F7-4668-BE54-9A1E7A4F7556}") = "DomainEntities", "DomainEntities\DomainEntities.csproj", "{B1250267-20F3-4B9D-9D85-A6079D76E58A}"
EndProject
Project("{9A19103F-16F7-4668-BE54-9A1E7A4F7556}") = "Dtos", "Dtos\Dtos.csproj", "{4BBB6CCB-D4FE-4DCE-B9A8-4D63B7265693}"
EndProject
Project("{FAE04EC0-301F-11D3-BF4B-00C04F79EFBC}") = "CSV.MvcProject", "CSV.MvcProject\CSV.MvcProject.csproj", "{AA1B3930-7870-4672-B1E1-2F64701D88EB}"
EndProject
Global
	GlobalSection(SolutionConfigurationPlatforms) = preSolution
		Debug|Any CPU = Debug|Any CPU
		Release|Any CPU = Release|Any CPU
	EndGlobalSection
	GlobalSection(ProjectConfigurationPlatforms) = postSolution
		{C06FECB3-BAC7-42FC-A4C6-3D2A2B7BD2F5}.Debug|Any CPU.ActiveCfg = Debug|Any CPU
		{C06FECB3-BAC7-42FC-A4C6-3D2A2B7BD2F5}.Debug|Any CPU.Build.0 = Debug|Any CPU
		{C06FECB3-BAC7-42FC-A4C6-3D2A2B7BD2F5}.Release|Any CPU.ActiveCfg = Release|Any CPU
		{C06FECB3-BAC7-42FC-A4C6-3D2A2B7BD2F5}.Release|Any CPU.Build.0 = Release|Any CPU
		{ECEC075F-6E1A-4E89-83F2-5A5FDA4FBA08}.Debug|Any CPU.ActiveCfg = Debug|Any CPU
		{ECEC075F-6E1A-4E89-83F2-5A5FDA4FBA08}.Debug|Any CPU.Build.0 = Debug|Any CPU
		{ECEC075F-6E1A-4E89-83F2-5A5FDA4FBA08}.Release|Any CPU.ActiveCfg = Release|Any CPU
		{ECEC075F-6E1A-4E89-83F2-5A5FDA4FBA08}.Release|Any CPU.Build.0 = Release|Any CPU
		{B1250267-20F3-4B9D-9D85-A6079D76E58A}.Debug|Any CPU.ActiveCfg = Debug|Any CPU
		{B1250267-20F3-4B9D-9D85-A6079D76E58A}.Debug|Any CPU.Build.0 = Debug|Any CPU
		{B1250267-20F3-4B9D-9D85-A6079D76E58A}.Release|Any CPU.ActiveCfg = Release|Any CPU
		{B1250267-20F3-4B9D-9D85-A6079D76E58A}.Release|Any CPU.Build.0 = Release|Any CPU
		{4BBB6CCB-D4FE-4DCE-B9A8-4D63B7265693}.Debug|Any CPU.ActiveCfg = Debug|Any CPU
		{4BBB6CCB-D4FE-4DCE-B9A8-4D63B7265693}.Debug|Any CPU.Build.0 = Debug|Any CPU
		{4BBB6CCB-D4FE-4DCE-B9A8-4D63B7265693}.Release|Any CPU.ActiveCfg = Release|Any CPU
		{4BBB6CCB-D4FE-4DCE-B9A8-4D63B7265693}.Release|Any CPU.Build.0 = Release|Any CPU
		{AA1B3930-7870-4672-B1E1-2F64701D88EB}.Debug|Any CPU.ActiveCfg = Debug|Any CPU
		{AA1B3930-7870-4672-B1E1-2F64701D88EB}.Debug|Any CPU.Build.0 = Debug|Any CPU
		{AA1B3930-7870-4672-B1E1-2F64701D88EB}.Release|Any CPU.ActiveCfg = Release|Any CPU
		{AA1B3930-7870-4672-B1E1-2F64701D88EB}.Release|Any CPU.Build.0 = Release|Any CPU
	EndGlobalSection
	GlobalSection(SolutionProperties) = preSolution
		HideSolutionNode = FALSE
	EndGlobalSection
	GlobalSection(ExtensibilityGlobals) = postSolution
		SolutionGuid = {1A206C2B-D3DC-425A-86F6-4C98958A1BF5}
	EndGlobalSection
EndGlobal
